
Microsoft Visual Studio Solution File, Format Version 12.00
# Visual Studio Version 16
VisualStudioVersion = 16.0.33529.622
MinimumVisualStudioVersion = 10.0.40219.1
Project("{FAE04EC0-301F-11D3-BF4B-00C04F79EFBC}") = "MidDemo", "MidDemo\MidDemo.csproj", "{1DC7495A-F430-4E8F-946F-3E80A3457FD4}"
EndProject
Global
	GlobalSection(SolutionConfigurationPlatforms) = preSolution
		Debug|Any CPU = Debug|Any CPU
		Release|Any CPU = Release|Any CPU
	EndGlobalSection
	GlobalSection(ProjectConfigurationPlatforms) = postSolution
		{1DC7495A-F430-4E8F-946F-3E80A3457FD4}.Debug|Any CPU.ActiveCfg = Debug|Any CPU
		{1DC7495A-F430-4E8F-946F-3E80A3457FD4}.Debug|Any CPU.Build.0 = Debug|Any CPU
		{1DC7495A-F430-4E8F-946F-3E80A3457FD4}.Release|Any CPU.ActiveCfg = Release|Any CPU
		{1DC7495A-F430-4E8F-946F-3E80A3457FD4}.Release|Any CPU.Build.0 = Release|Any CPU
	EndGlobalSection
	GlobalSection(SolutionProperties) = preSolution
		HideSolutionNode = FALSE
	EndGlobalSection
	GlobalSection(ExtensibilityGlobals) = postSolution
		SolutionGuid = {80B34F8F-DBDC-4FC4-B959-57C75C59195C}
	EndGlobalSection
EndGlobal
